{
    "version": 3,
    "terraform_version": "0.11.10",
    "serial": 4,
    "lineage": "0ed147f1-b3da-8664-e52b-d409c8704eff",
    "modules": [
        {
            "path": [
                "root"
            ],
            "outputs": {},
            "resources": {
                "aws_iot_topic_rule.sns_iot": {
                    "type": "aws_iot_topic_rule",
                    "depends_on": [
                        "aws_lambda_function.base_lambda"
                    ],
                    "primary": {
                        "id": "sns_iot",
                        "attributes": {
                            "arn": "arn:aws:iot:us-east-1:253712699852:rule/sns_iot",
                            "cloudwatch_alarm.#": "0",
                            "cloudwatch_metric.#": "0",
                            "description": "Rule that connects SNS topic with IOT",
                            "dynamodb.#": "0",
                            "elasticsearch.#": "0",
                            "enabled": "true",
                            "firehose.#": "0",
                            "id": "sns_iot",
                            "kinesis.#": "0",
                            "lambda.#": "1",
                            "lambda.2949100855.function_arn": "arn:aws:lambda:us-east-1:253712699852:function:base",
                            "name": "sns_iot",
                            "republish.#": "0",
                            "s3.#": "0",
                            "sns.#": "0",
                            "sql": "SELECT * FROM 'aliens/messages'",
                            "sql_version": "2015-10-08",
                            "sqs.#": "0"
                        },
                        "meta": {},
                        "tainted": false
                    },
                    "deposed": [],
                    "provider": "provider.aws"
                },
                "aws_lambda_function.base_lambda": {
                    "type": "aws_lambda_function",
                    "depends_on": [],
                    "primary": {
                        "id": "base",
                        "attributes": {
                            "arn": "arn:aws:lambda:us-east-1:253712699852:function:base",
                            "dead_letter_config.#": "0",
                            "description": "",
                            "environment.#": "0",
                            "filename": "base.zip",
                            "function_name": "base",
                            "handler": "base.lambda_handler",
                            "id": "base",
                            "invoke_arn": "arn:aws:apigateway:us-east-1:lambda:path/2015-03-31/functions/arn:aws:lambda:us-east-1:253712699852:function:base/invocations",
                            "kms_key_arn": "",
                            "last_modified": "2019-01-04T15:07:01.704+0000",
                            "memory_size": "128",
                            "publish": "false",
                            "qualified_arn": "arn:aws:lambda:us-east-1:253712699852:function:base:$LATEST",
                            "reserved_concurrent_executions": "0",
                            "role": "arn:aws:iam::253712699852:role/lambda_basic_execution",
                            "runtime": "python3.6",
                            "source_code_hash": "su30d8kQ0y/r6QX8ILk2TzZ0G7ZjZGgvPVaxfHkiy04=",
                            "source_code_size": "1361456",
                            "tags.%": "0",
                            "timeout": "3",
                            "tracing_config.#": "1",
                            "tracing_config.0.mode": "PassThrough",
                            "version": "$LATEST",
                            "vpc_config.#": "0"
                        },
                        "meta": {
                            "e2bfb730-ecaa-11e6-8f88-34363bc7c4c0": {
                                "create": 600000000000
                            }
                        },
                        "tainted": false
                    },
                    "deposed": [],
                    "provider": "provider.aws"
                },
                "aws_lambda_function.connector_lambda": {
                    "type": "aws_lambda_function",
                    "depends_on": [],
                    "primary": {
                        "id": "connector",
                        "attributes": {
                            "arn": "arn:aws:lambda:us-east-1:253712699852:function:connector",
                            "dead_letter_config.#": "0",
                            "description": "",
                            "environment.#": "0",
                            "filename": "connector.zip",
                            "function_name": "connector",
                            "handler": "connector.lambda_handler",
                            "id": "connector",
                            "invoke_arn": "arn:aws:apigateway:us-east-1:lambda:path/2015-03-31/functions/arn:aws:lambda:us-east-1:253712699852:function:connector/invocations",
                            "kms_key_arn": "",
                            "last_modified": "2019-01-04T15:06:57.714+0000",
                            "memory_size": "128",
                            "publish": "false",
                            "qualified_arn": "arn:aws:lambda:us-east-1:253712699852:function:connector:$LATEST",
                            "reserved_concurrent_executions": "0",
                            "role": "arn:aws:iam::253712699852:role/lambda_basic_execution",
                            "runtime": "python3.6",
                            "source_code_hash": "eZRGabl1uF1v5aCFeFcXF/McRELJA2Ierpm4nZEbhCo=",
                            "source_code_size": "712",
                            "tags.%": "0",
                            "timeout": "3",
                            "tracing_config.#": "1",
                            "tracing_config.0.mode": "PassThrough",
                            "version": "$LATEST",
                            "vpc_config.#": "0"
                        },
                        "meta": {
                            "e2bfb730-ecaa-11e6-8f88-34363bc7c4c0": {
                                "create": 600000000000
                            }
                        },
                        "tainted": false
                    },
                    "deposed": [],
                    "provider": "provider.aws"
                }
            },
            "depends_on": []
        }
    ]
}
