{
    "version": 3,
    "terraform_version": "0.11.10",
    "serial": 60,
    "lineage": "0ed147f1-b3da-8664-e52b-d409c8704eff",
    "modules": [
        {
            "path": [
                "root"
            ],
            "outputs": {},
            "resources": {
                "aws_iot_topic_rule.iot_to_order_handler_rule": {
                    "type": "aws_iot_topic_rule",
                    "depends_on": [
                        "aws_lambda_function.order_handler_lambda"
                    ],
                    "primary": {
                        "id": "iot_to_order_handler",
                        "attributes": {
                            "arn": "arn:aws:iot:us-east-1:253712699852:rule/iot_to_order_handler",
                            "cloudwatch_alarm.#": "0",
                            "cloudwatch_metric.#": "0",
                            "description": "Rule that manages IoT data by transporting it to the orders lambda function",
                            "dynamodb.#": "0",
                            "elasticsearch.#": "0",
                            "enabled": "true",
                            "firehose.#": "0",
                            "id": "iot_to_order_handler",
                            "kinesis.#": "0",
                            "lambda.#": "1",
                            "lambda.958500705.function_arn": "arn:aws:lambda:us-east-1:253712699852:function:order_handler",
                            "name": "iot_to_order_handler",
                            "republish.#": "0",
                            "s3.#": "0",
                            "sns.#": "0",
                            "sql": "SELECT * FROM 'cars/calls'",
                            "sql_version": "2015-10-08",
                            "sqs.#": "0"
                        },
                        "meta": {},
                        "tainted": false
                    },
                    "deposed": [],
                    "provider": "provider.aws"
                },
                "aws_lambda_function.car_caller_lambda": {
                    "type": "aws_lambda_function",
                    "depends_on": [],
                    "primary": {
                        "id": "car_caller",
                        "attributes": {
                            "arn": "arn:aws:lambda:us-east-1:253712699852:function:car_caller",
                            "dead_letter_config.#": "0",
                            "description": "",
                            "environment.#": "0",
                            "filename": "car_caller.zip",
                            "function_name": "car_caller",
                            "handler": "car_caller.lambda_handler",
                            "id": "car_caller",
                            "invoke_arn": "arn:aws:apigateway:us-east-1:lambda:path/2015-03-31/functions/arn:aws:lambda:us-east-1:253712699852:function:car_caller/invocations",
                            "kms_key_arn": "",
                            "last_modified": "2019-01-21T15:00:37.368+0000",
                            "memory_size": "128",
                            "publish": "false",
                            "qualified_arn": "arn:aws:lambda:us-east-1:253712699852:function:car_caller:$LATEST",
                            "reserved_concurrent_executions": "0",
                            "role": "arn:aws:iam::253712699852:role/lambda_basic_execution",
                            "runtime": "python3.6",
                            "source_code_hash": "4hfYIW10LkxRBGkASYw3rdFOuW4KZJP434WBFETFvG8=",
                            "source_code_size": "1097338",
                            "tags.%": "0",
                            "timeout": "3",
                            "tracing_config.#": "1",
                            "tracing_config.0.mode": "PassThrough",
                            "version": "$LATEST",
                            "vpc_config.#": "0"
                        },
                        "meta": {
                            "e2bfb730-ecaa-11e6-8f88-34363bc7c4c0": {
                                "create": 600000000000
                            }
                        },
                        "tainted": false
                    },
                    "deposed": [],
                    "provider": "provider.aws"
                },
                "aws_lambda_function.order_handler_lambda": {
                    "type": "aws_lambda_function",
                    "depends_on": [],
                    "primary": {
                        "id": "order_handler",
                        "attributes": {
                            "arn": "arn:aws:lambda:us-east-1:253712699852:function:order_handler",
                            "dead_letter_config.#": "0",
                            "description": "",
                            "environment.#": "0",
                            "filename": "order_handler.zip",
                            "function_name": "order_handler",
                            "handler": "order_handler.lambda_handler",
                            "id": "order_handler",
                            "invoke_arn": "arn:aws:apigateway:us-east-1:lambda:path/2015-03-31/functions/arn:aws:lambda:us-east-1:253712699852:function:order_handler/invocations",
                            "kms_key_arn": "",
                            "last_modified": "2019-01-21T15:24:49.949+0000",
                            "memory_size": "128",
                            "publish": "false",
                            "qualified_arn": "arn:aws:lambda:us-east-1:253712699852:function:order_handler:$LATEST",
                            "reserved_concurrent_executions": "0",
                            "role": "arn:aws:iam::253712699852:role/lambda_basic_execution",
                            "runtime": "python3.6",
                            "source_code_hash": "uScPczzrS1nzXzdJwjLCjaIUtyxd4bNnOo95oP7M+ZM=",
                            "source_code_size": "1485301",
                            "tags.%": "0",
                            "timeout": "3",
                            "tracing_config.#": "1",
                            "tracing_config.0.mode": "PassThrough",
                            "version": "$LATEST",
                            "vpc_config.#": "0"
                        },
                        "meta": {
                            "e2bfb730-ecaa-11e6-8f88-34363bc7c4c0": {
                                "create": 600000000000
                            }
                        },
                        "tainted": false
                    },
                    "deposed": [],
                    "provider": "provider.aws"
                },
                "aws_sns_topic_subscription.sns_to_iot_subscriptin": {
                    "type": "aws_sns_topic_subscription",
                    "depends_on": [
                        "aws_lambda_function.car_caller_lambda"
                    ],
                    "primary": {
                        "id": "arn:aws:sns:us-east-1:253712699852:orders_topic:af79ada4-5101-4ffd-8f2a-19c33baa700d",
                        "attributes": {
                            "arn": "arn:aws:sns:us-east-1:253712699852:orders_topic:af79ada4-5101-4ffd-8f2a-19c33baa700d",
                            "confirmation_timeout_in_minutes": "1",
                            "delivery_policy": "",
                            "endpoint": "arn:aws:lambda:us-east-1:253712699852:function:car_caller",
                            "endpoint_auto_confirms": "false",
                            "filter_policy": "",
                            "id": "arn:aws:sns:us-east-1:253712699852:orders_topic:af79ada4-5101-4ffd-8f2a-19c33baa700d",
                            "protocol": "lambda",
                            "raw_message_delivery": "false",
                            "topic_arn": "arn:aws:sns:us-east-1:253712699852:orders_topic"
                        },
                        "meta": {},
                        "tainted": false
                    },
                    "deposed": [],
                    "provider": "provider.aws"
                }
            },
            "depends_on": []
        }
    ]
}
